// !$*UTF8*$!
{
	archiveVersion = 1;
	classes = {
	};
	objectVersion = 50;
	objects = {

/* Begin PBXBuildFile section */
		047BF63E209D6DAD00DF20A3 /* Pokemon.swift in Sources */ = {isa = PBXBuildFile; fileRef = 047BF63D209D6DAD00DF20A3 /* Pokemon.swift */; };
		047BF640209E609100DF20A3 /* DetailViewController.swift in Sources */ = {isa = PBXBuildFile; fileRef = 047BF63F209E609100DF20A3 /* DetailViewController.swift */; };
		047BF642209E686300DF20A3 /* PokeData.swift in Sources */ = {isa = PBXBuildFile; fileRef = 047BF641209E686300DF20A3 /* PokeData.swift */; };
		04B8D669209D62BC0042468E /* AppDelegate.swift in Sources */ = {isa = PBXBuildFile; fileRef = 04B8D668209D62BC0042468E /* AppDelegate.swift */; };
		04B8D66B209D62BC0042468E /* ViewController.swift in Sources */ = {isa = PBXBuildFile; fileRef = 04B8D66A209D62BC0042468E /* ViewController.swift */; };
		04B8D66E209D62BC0042468E /* Main.storyboard in Resources */ = {isa = PBXBuildFile; fileRef = 04B8D66C209D62BC0042468E /* Main.storyboard */; };
		04B8D670209D62BF0042468E /* Assets.xcassets in Resources */ = {isa = PBXBuildFile; fileRef = 04B8D66F209D62BF0042468E /* Assets.xcassets */; };
		04B8D673209D62BF0042468E /* LaunchScreen.storyboard in Resources */ = {isa = PBXBuildFile; fileRef = 04B8D671209D62BF0042468E /* LaunchScreen.storyboard */; };
		65063DF7EA00D12D5ACA4B37 /* Pods_Pokedex1.framework in Frameworks */ = {isa = PBXBuildFile; fileRef = D9C3725EAA84CD53AAFF7B4A /* Pods_Pokedex1.framework */; };
/* End PBXBuildFile section */

/* Begin PBXFileReference section */
		047BF63D209D6DAD00DF20A3 /* Pokemon.swift */ = {isa = PBXFileReference; lastKnownFileType = sourcecode.swift; path = Pokemon.swift; sourceTree = "<group>"; };
		047BF63F209E609100DF20A3 /* DetailViewController.swift */ = {isa = PBXFileReference; lastKnownFileType = sourcecode.swift; path = DetailViewController.swift; sourceTree = "<group>"; };
		047BF641209E686300DF20A3 /* PokeData.swift */ = {isa = PBXFileReference; lastKnownFileType = sourcecode.swift; path = PokeData.swift; sourceTree = "<group>"; };
		04B8D665209D62BC0042468E /* Pokedex1.app */ = {isa = PBXFileReference; explicitFileType = wrapper.application; includeInIndex = 0; path = Pokedex1.app; sourceTree = BUILT_PRODUCTS_DIR; };
		04B8D668209D62BC0042468E /* AppDelegate.swift */ = {isa = PBXFileReference; lastKnownFileType = sourcecode.swift; path = AppDelegate.swift; sourceTree = "<group>"; };
		04B8D66A209D62BC0042468E /* ViewController.swift */ = {isa = PBXFileReference; lastKnownFileType = sourcecode.swift; path = ViewController.swift; sourceTree = "<group>"; };
		04B8D66D209D62BC0042468E /* Base */ = {isa = PBXFileReference; lastKnownFileType = file.storyboard; name = Base; path = Base.lproj/Main.storyboard; sourceTree = "<group>"; };
		04B8D66F209D62BF0042468E /* Assets.xcassets */ = {isa = PBXFileReference; lastKnownFileType = folder.assetcatalog; path = Assets.xcassets; sourceTree = "<group>"; };
		04B8D672209D62BF0042468E /* Base */ = {isa = PBXFileReference; lastKnownFileType = file.storyboard; name = Base; path = Base.lproj/LaunchScreen.storyboard; sourceTree = "<group>"; };
		04B8D674209D62BF0042468E /* Info.plist */ = {isa = PBXFileReference; lastKnownFileType = text.plist.xml; path = Info.plist; sourceTree = "<group>"; };
		A61056D57B41835E56165DFD /* Pods-Pokedex1.debug.xcconfig */ = {isa = PBXFileReference; includeInIndex = 1; lastKnownFileType = text.xcconfig; name = "Pods-Pokedex1.debug.xcconfig"; path = "Pods/Target Support Files/Pods-Pokedex1/Pods-Pokedex1.debug.xcconfig"; sourceTree = "<group>"; };
		D9C3725EAA84CD53AAFF7B4A /* Pods_Pokedex1.framework */ = {isa = PBXFileReference; explicitFileType = wrapper.framework; includeInIndex = 0; path = Pods_Pokedex1.framework; sourceTree = BUILT_PRODUCTS_DIR; };
		E8543F98EAA09CC3DFA51E78 /* Pods-Pokedex1.release.xcconfig */ = {isa = PBXFileReference; includeInIndex = 1; lastKnownFileType = text.xcconfig; name = "Pods-Pokedex1.release.xcconfig"; path = "Pods/Target Support Files/Pods-Pokedex1/Pods-Pokedex1.release.xcconfig"; sourceTree = "<group>"; };
/* End PBXFileReference section */

/* Begin PBXFrameworksBuildPhase section */
		04B8D662209D62BC0042468E /* Frameworks */ = {
			isa = PBXFrameworksBuildPhase;
			buildActionMask = 2147483647;
			files = (
				65063DF7EA00D12D5ACA4B37 /* Pods_Pokedex1.framework in Frameworks */,
			);
			runOnlyForDeploymentPostprocessing = 0;
		};
/* End PBXFrameworksBuildPhase section */

/* Begin PBXGroup section */
		04B8D65C209D62BC0042468E = {
			isa = PBXGroup;
			children = (
				04B8D667209D62BC0042468E /* Pokedex1 */,
				04B8D666209D62BC0042468E /* Products */,
				9FED9932B01AB0EDE59B27E3 /* Pods */,
				06B121FDF769AE10501B3C66 /* Frameworks */,
			);
			sourceTree = "<group>";
		};
		04B8D666209D62BC0042468E /* Products */ = {
			isa = PBXGroup;
			children = (
				04B8D665209D62BC0042468E /* Pokedex1.app */,
			);
			name = Products;
			sourceTree = "<group>";
		};
		04B8D667209D62BC0042468E /* Pokedex1 */ = {
			isa = PBXGroup;
			children = (
				04B8D668209D62BC0042468E /* AppDelegate.swift */,
				04B8D66A209D62BC0042468E /* ViewController.swift */,
				047BF63F209E609100DF20A3 /* DetailViewController.swift */,
				04B8D66C209D62BC0042468E /* Main.storyboard */,
				047BF63D209D6DAD00DF20A3 /* Pokemon.swift */,
				047BF641209E686300DF20A3 /* PokeData.swift */,
				04B8D66F209D62BF0042468E /* Assets.xcassets */,
				04B8D671209D62BF0042468E /* LaunchScreen.storyboard */,
				04B8D674209D62BF0042468E /* Info.plist */,
			);
			path = Pokedex1;
			sourceTree = "<group>";
		};
		06B121FDF769AE10501B3C66 /* Frameworks */ = {
			isa = PBXGroup;
			children = (
				D9C3725EAA84CD53AAFF7B4A /* Pods_Pokedex1.framework */,
			);
			name = Frameworks;
			sourceTree = "<group>";
		};
		9FED9932B01AB0EDE59B27E3 /* Pods */ = {
			isa = PBXGroup;
			children = (
				A61056D57B41835E56165DFD /* Pods-Pokedex1.debug.xcconfig */,
				E8543F98EAA09CC3DFA51E78 /* Pods-Pokedex1.release.xcconfig */,
			);
			name = Pods;
			sourceTree = "<group>";
		};
/* End PBXGroup section */

/* Begin PBXNativeTarget section */
		04B8D664209D62BC0042468E /* Pokedex1 */ = {
			isa = PBXNativeTarget;
			buildConfigurationList = 04B8D677209D62BF0042468E /* Build configuration list for PBXNativeTarget "Pokedex1" */;
			buildPhases = (
				E73B73A5467F810084D3E4EB /* [CP] Check Pods Manifest.lock */,
				04B8D661209D62BC0042468E /* Sources */,
				04B8D662209D62BC0042468E /* Frameworks */,
				04B8D663209D62BC0042468E /* Resources */,
				F39AB60BB9D0AC65A5F6F32F /* [CP] Embed Pods Frameworks */,
			);
			buildRules = (
			);
			dependencies = (
			);
			name = Pokedex1;
			productName = Pokedex1;
			productReference = 04B8D665209D62BC0042468E /* Pokedex1.app */;
			productType = "com.apple.product-type.application";
		};
/* End PBXNativeTarget section */

/* Begin PBXProject section */
		04B8D65D209D62BC0042468E /* Project object */ = {
			isa = PBXProject;
			attributes = {
				LastSwiftUpdateCheck = 0930;
				LastUpgradeCheck = 0930;
				ORGANIZATIONNAME = "Jack Sexton";
				TargetAttributes = {
					04B8D664209D62BC0042468E = {
						CreatedOnToolsVersion = 9.3;
					};
				};
			};
			buildConfigurationList = 04B8D660209D62BC0042468E /* Build configuration list for PBXProject "Pokedex1" */;
			compatibilityVersion = "Xcode 9.3";
			developmentRegion = en;
			hasScannedForEncodings = 0;
			knownRegions = (
				en,
				Base,
			);
			mainGroup = 04B8D65C209D62BC0042468E;
			productRefGroup = 04B8D666209D62BC0042468E /* Products */;
			projectDirPath = "";
			projectRoot = "";
			targets = (
				04B8D664209D62BC0042468E /* Pokedex1 */,
			);
		};
/* End PBXProject section */

/* Begin PBXResourcesBuildPhase section */
		04B8D663209D62BC0042468E /* Resources */ = {
			isa = PBXResourcesBuildPhase;
			buildActionMask = 2147483647;
			files = (
				04B8D673209D62BF0042468E /* LaunchScreen.storyboard in Resources */,
				04B8D670209D62BF0042468E /* Assets.xcassets in Resources */,
				04B8D66E209D62BC0042468E /* Main.storyboard in Resources */,
			);
			runOnlyForDeploymentPostprocessing = 0;
		};
/* End PBXResourcesBuildPhase section */

/* Begin PBXShellScriptBuildPhase section */
		E73B73A5467F810084D3E4EB /* [CP] Check Pods Manifest.lock */ = {
			isa = PBXShellScriptBuildPhase;
			buildActionMask = 2147483647;
			files = (
			);
			inputPaths = (
				"${PODS_PODFILE_DIR_PATH}/Podfile.lock",
				"${PODS_ROOT}/Manifest.lock",
			);
			name = "[CP] Check Pods Manifest.lock";
			outputPaths = (
				"$(DERIVED_FILE_DIR)/Pods-Pokedex1-checkManifestLockResult.txt",
			);
			runOnlyForDeploymentPostprocessing = 0;
			shellPath = /bin/sh;
			shellScript = "diff \"${PODS_PODFILE_DIR_PATH}/Podfile.lock\" \"${PODS_ROOT}/Manifest.lock\" > /dev/null\nif [ $? != 0 ] ; then\n    # print error to STDERR\n    echo \"error: The sandbox is not in sync with the Podfile.lock. Run 'pod install' or update your CocoaPods installation.\" >&2\n    exit 1\nfi\n# This output is used by Xcode 'outputs' to avoid re-running this script phase.\necho \"SUCCESS\" > \"${SCRIPT_OUTPUT_FILE_0}\"\n";
			showEnvVarsInLog = 0;
		};
		F39AB60BB9D0AC65A5F6F32F /* [CP] Embed Pods Frameworks */ = {
			isa = PBXShellScriptBuildPhase;
			buildActionMask = 2147483647;
			files = (
			);
			inputPaths = (
				"${SRCROOT}/Pods/Target Support Files/Pods-Pokedex1/Pods-Pokedex1-frameworks.sh",
				"${BUILT_PRODUCTS_DIR}/Alamofire/Alamofire.framework",
				"${BUILT_PRODUCTS_DIR}/SwiftyJSON/SwiftyJSON.framework",
			);
			name = "[CP] Embed Pods Frameworks";
			outputPaths = (
				"${TARGET_BUILD_DIR}/${FRAMEWORKS_FOLDER_PATH}/Alamofire.framework",
				"${TARGET_BUILD_DIR}/${FRAMEWORKS_FOLDER_PATH}/SwiftyJSON.framework",
			);
			runOnlyForDeploymentPostprocessing = 0;
			shellPath = /bin/sh;
			shellScript = "\"${SRCROOT}/Pods/Target Support Files/Pods-Pokedex1/Pods-Pokedex1-frameworks.sh\"\n";
			showEnvVarsInLog = 0;
		};
/* End PBXShellScriptBuildPhase section */

/* Begin PBXSourcesBuildPhase section */
		04B8D661209D62BC0042468E /* Sources */ = {
			isa = PBXSourcesBuildPhase;
			buildActionMask = 2147483647;
			files = (
				047BF642209E686300DF20A3 /* PokeData.swift in Sources */,
				04B8D66B209D62BC0042468E /* ViewController.swift in Sources */,
				04B8D669209D62BC0042468E /* AppDelegate.swift in Sources */,
				047BF63E209D6DAD00DF20A3 /* Pokemon.swift in Sources */,
				047BF640209E609100DF20A3 /* DetailViewController.swift in Sources */,
			);
			runOnlyForDeploymentPostprocessing = 0;
		};
/* End PBXSourcesBuildPhase section */

/* Begin PBXVariantGroup section */
		04B8D66C209D62BC0042468E /* Main.storyboard */ = {
			isa = PBXVariantGroup;
			children = (
				04B8D66D209D62BC0042468E /* Base */,
			);
			name = Main.storyboard;
			sourceTree = "<group>";
		};
		04B8D671209D62BF0042468E /* LaunchScreen.storyboard */ = {
			isa = PBXVariantGroup;
			children = (
				04B8D672209D62BF0042468E /* Base */,
			);
			name = LaunchScreen.storyboard;
			sourceTree = "<group>";
		};
/* End PBXVariantGroup section */

/* Begin XCBuildConfiguration section */
		04B8D675209D62BF0042468E /* Debug */ = {
			isa = XCBuildConfiguration;
			buildSettings = {
				ALWAYS_SEARCH_USER_PATHS = NO;
				CLANG_ANALYZER_NONNULL = YES;
				CLANG_ANALYZER_NUMBER_OBJECT_CONVERSION = YES_AGGRESSIVE;
				CLANG_CXX_LANGUAGE_STANDARD = "gnu++14";
				CLANG_CXX_LIBRARY = "libc++";
				CLANG_ENABLE_MODULES = YES;
				CLANG_ENABLE_OBJC_ARC = YES;
				CLANG_ENABLE_OBJC_WEAK = YES;
				CLANG_WARN_BLOCK_CAPTURE_AUTORELEASING = YES;
				CLANG_WARN_BOOL_CONVERSION = YES;
				CLANG_WARN_COMMA = YES;
				CLANG_WARN_CONSTANT_CONVERSION = YES;
				CLANG_WARN_DEPRECATED_OBJC_IMPLEMENTATIONS = YES;
				CLANG_WARN_DIRECT_OBJC_ISA_USAGE = YES_ERROR;
				CLANG_WARN_DOCUMENTATION_COMMENTS = YES;
				CLANG_WARN_EMPTY_BODY = YES;
				CLANG_WARN_ENUM_CONVERSION = YES;
				CLANG_WARN_INFINITE_RECURSION = YES;
				CLANG_WARN_INT_CONVERSION = YES;
				CLANG_WARN_NON_LITERAL_NULL_CONVERSION = YES;
				CLANG_WARN_OBJC_IMPLICIT_RETAIN_SELF = YES;
				CLANG_WARN_OBJC_LITERAL_CONVERSION = YES;
				CLANG_WARN_OBJC_ROOT_CLASS = YES_ERROR;
				CLANG_WARN_RANGE_LOOP_ANALYSIS = YES;
				CLANG_WARN_STRICT_PROTOTYPES = YES;
				CLANG_WARN_SUSPICIOUS_MOVE = YES;
				CLANG_WARN_UNGUARDED_AVAILABILITY = YES_AGGRESSIVE;
				CLANG_WARN_UNREACHABLE_CODE = YES;
				CLANG_WARN__DUPLICATE_METHOD_MATCH = YES;
				CODE_SIGN_IDENTITY = "iPhone Developer";
				COPY_PHASE_STRIP = NO;
				DEBUG_INFORMATION_FORMAT = dwarf;
				ENABLE_STRICT_OBJC_MSGSEND = YES;
				ENABLE_TESTABILITY = YES;
				GCC_C_LANGUAGE_STANDARD = gnu11;
				GCC_DYNAMIC_NO_PIC = NO;
				GCC_NO_COMMON_BLOCKS = YES;
				GCC_OPTIMIZATION_LEVEL = 0;
				GCC_PREPROCESSOR_DEFINITIONS = (
					"DEBUG=1",
					"$(inherited)",
				);
				GCC_WARN_64_TO_32_BIT_CONVERSION = YES;
				GCC_WARN_ABOUT_RETURN_TYPE = YES_ERROR;
				GCC_WARN_UNDECLARED_SELECTOR = YES;
				GCC_WARN_UNINITIALIZED_AUTOS = YES_AGGRESSIVE;
				GCC_WARN_UNUSED_FUNCTION = YES;
				GCC_WARN_UNUSED_VARIABLE = YES;
				IPHONEOS_DEPLOYMENT_TARGET = 11.3;
				MTL_ENABLE_DEBUG_INFO = YES;
				ONLY_ACTIVE_ARCH = YES;
				SDKROOT = iphoneos;
				SWIFT_ACTIVE_COMPILATION_CONDITIONS = DEBUG;
				SWIFT_OPTIMIZATION_LEVEL = "-Onone";
			};
			name = Debug;
		};
		04B8D676209D62BF0042468E /* Release */ = {
			isa = XCBuildConfiguration;
			buildSettings = {
				ALWAYS_SEARCH_USER_PATHS = NO;
				CLANG_ANALYZER_NONNULL = YES;
				CLANG_ANALYZER_NUMBER_OBJECT_CONVERSION = YES_AGGRESSIVE;
				CLANG_CXX_LANGUAGE_STANDARD = "gnu++14";
				CLANG_CXX_LIBRARY = "libc++";
				CLANG_ENABLE_MODULES = YES;
				CLANG_ENABLE_OBJC_ARC = YES;
				CLANG_ENABLE_OBJC_WEAK = YES;
				CLANG_WARN_BLOCK_CAPTURE_AUTORELEASING = YES;
				CLANG_WARN_BOOL_CONVERSION = YES;
				CLANG_WARN_COMMA = YES;
				CLANG_WARN_CONSTANT_CONVERSION = YES;
				CLANG_WARN_DEPRECATED_OBJC_IMPLEMENTATIONS = YES;
				CLANG_WARN_DIRECT_OBJC_ISA_USAGE = YES_ERROR;
				CLANG_WARN_DOCUMENTATION_COMMENTS = YES;
				CLANG_WARN_EMPTY_BODY = YES;
				CLANG_WARN_ENUM_CONVERSION = YES;
				CLANG_WARN_INFINITE_RECURSION = YES;
				CLANG_WARN_INT_CONVERSION = YES;
				CLANG_WARN_NON_LITERAL_NULL_CONVERSION = YES;
				CLANG_WARN_OBJC_IMPLICIT_RETAIN_SELF = YES;
				CLANG_WARN_OBJC_LITERAL_CONVERSION = YES;
				CLANG_WARN_OBJC_ROOT_CLASS = YES_ERROR;
				CLANG_WARN_RANGE_LOOP_ANALYSIS = YES;
				CLANG_WARN_STRICT_PROTOTYPES = YES;
				CLANG_WARN_SUSPICIOUS_MOVE = YES;
				CLANG_WARN_UNGUARDED_AVAILABILITY = YES_AGGRESSIVE;
				CLANG_WARN_UNREACHABLE_CODE = YES;
				CLANG_WARN__DUPLICATE_METHOD_MATCH = YES;
				CODE_SIGN_IDENTITY = "iPhone Developer";
				COPY_PHASE_STRIP = NO;
				DEBUG_INFORMATION_FORMAT = "dwarf-with-dsym";
				ENABLE_NS_ASSERTIONS = NO;
				ENABLE_STRICT_OBJC_MSGSEND = YES;
				GCC_C_LANGUAGE_STANDARD = gnu11;
				GCC_NO_COMMON_BLOCKS = YES;
				GCC_WARN_64_TO_32_BIT_CONVERSION = YES;
				GCC_WARN_ABOUT_RETURN_TYPE = YES_ERROR;
				GCC_WARN_UNDECLARED_SELECTOR = YES;
				GCC_WARN_UNINITIALIZED_AUTOS = YES_AGGRESSIVE;
				GCC_WARN_UNUSED_FUNCTION = YES;
				GCC_WARN_UNUSED_VARIABLE = YES;
				IPHONEOS_DEPLOYMENT_TARGET = 11.3;
				MTL_ENABLE_DEBUG_INFO = NO;
				SDKROOT = iphoneos;
				SWIFT_COMPILATION_MODE = wholemodule;
				SWIFT_OPTIMIZATION_LEVEL = "-O";
				VALIDATE_PRODUCT = YES;
			};
			name = Release;
		};
		04B8D678209D62BF0042468E /* Debug */ = {
			isa = XCBuildConfiguration;
			baseConfigurationReference = A61056D57B41835E56165DFD /* Pods-Pokedex1.debug.xcconfig */;
			buildSettings = {
				ASSETCATALOG_COMPILER_APPICON_NAME = AppIcon;
				CODE_SIGN_STYLE = Automatic;
				INFOPLIST_FILE = Pokedex1/Info.plist;
				LD_RUNPATH_SEARCH_PATHS = (
					"$(inherited)",
					"@executable_path/Frameworks",
				);
				PRODUCT_BUNDLE_IDENTIFIER = com.sexton.Pokedex1;
				PRODUCT_NAME = "$(TARGET_NAME)";
				SWIFT_VERSION = 4.0;
				TARGETED_DEVICE_FAMILY = "1,2";
			};
			name = Debug;
		};
		04B8D679209D62BF0042468E /* Release */ = {
			isa = XCBuildConfiguration;
			baseConfigurationReference = E8543F98EAA09CC3DFA51E78 /* Pods-Pokedex1.release.xcconfig */;
			buildSettings = {
				ASSETCATALOG_COMPILER_APPICON_NAME = AppIcon;
				CODE_SIGN_STYLE = Automatic;
				INFOPLIST_FILE = Pokedex1/Info.plist;
				LD_RUNPATH_SEARCH_PATHS = (
					"$(inherited)",
					"@executable_path/Frameworks",
				);
				PRODUCT_BUNDLE_IDENTIFIER = com.sexton.Pokedex1;
				PRODUCT_NAME = "$(TARGET_NAME)";
				SWIFT_VERSION = 4.0;
				TARGETED_DEVICE_FAMILY = "1,2";
			};
			name = Release;
		};
/* End XCBuildConfiguration section */

/* Begin XCConfigurationList section */
		04B8D660209D62BC0042468E /* Build configuration list for PBXProject "Pokedex1" */ = {
			isa = XCConfigurationList;
			buildConfigurations = (
				04B8D675209D62BF0042468E /* Debug */,
				04B8D676209D62BF0042468E /* Release */,
			);
			defaultConfigurationIsVisible = 0;
			defaultConfigurationName = Release;
		};
		04B8D677209D62BF0042468E /* Build configuration list for PBXNativeTarget "Pokedex1" */ = {
			isa = XCConfigurationList;
			buildConfigurations = (
				04B8D678209D62BF0042468E /* Debug */,
				04B8D679209D62BF0042468E /* Release */,
			);
			defaultConfigurationIsVisible = 0;
			defaultConfigurationName = Release;
		};
/* End XCConfigurationList section */
	};
	rootObject = 04B8D65D209D62BC0042468E /* Project object */;
}
